github.com/empijei/srpc v0.0.0-20260311074033-f009dbbd7289 h1:sK6MOJekxDkf/GzFUPo3MbONjMCaLBDKk3EUaRp8I70=
github.com/empijei/srpc v0.0.0-20260311074033-f009dbbd7289/go.mod h1:wszjkvad7KnaLvE+OFLmfIWwLzIZe1AjC+Pt6R/1Mqo=
github.com/empijei/tst v0.0.0-20260315134227-bfbe8dbf1d2f h1:MznAcHfbOrZYEfjzVKjsWrFAQxpH/PwGLXfw6TSX4GU=
github.com/empijei/tst v0.0.0-20260315134227-bfbe8dbf1d2f/go.mod h1:yhB/XtQiGBa0i7exjbB38IpwbxJm0Jk7y4j7pc+frM8=
github.com/google/go-cmp v0.7.0 h1:wk8382ETsv4JYUZwIsn6YpYiWiBsYLSJiTsyBybVuN8=
github.com/google/go-cmp v0.7.0/go.mod h1:pXiqmnSA92OHEEa9HXL2W4E7lf9JzCmGVUdgjX3N/iU=
golang.org/x/net v0.52.0 h1:He/TN1l0e4mmR3QqHMT2Xab3Aj3L9qjbhRm78/6jrW0=
golang.org/x/net v0.52.0/go.mod h1:R1MAz7uMZxVMualyPXb+VaqGSa3LIaUqk0eEt3w36Sw=
